
Microsoft Visual Studio Solution File, Format Version 12.00
# Visual Studio Version 16
VisualStudioVersion = 16.0.29519.181
MinimumVisualStudioVersion = 10.0.40219.1
Project("{FAE04EC0-301F-11D3-BF4B-00C04F79EFBC}") = "WPF", "Software Metrics\WPF.csproj", "{7378CA6E-D8C7-46AF-979C-E7FFB9C0CAFB}"
EndProject
Project("{FAE04EC0-301F-11D3-BF4B-00C04F79EFBC}") = "Backend", "Backend\Backend.csproj", "{36417EC3-5E94-4F31-939E-CAE92B698041}"
EndProject
Global
	GlobalSection(SolutionConfigurationPlatforms) = preSolution
		Debug|Any CPU = Debug|Any CPU
		Release|Any CPU = Release|Any CPU
	EndGlobalSection
	GlobalSection(ProjectConfigurationPlatforms) = postSolution
		{7378CA6E-D8C7-46AF-979C-E7FFB9C0CAFB}.Debug|Any CPU.ActiveCfg = Debug|Any CPU
		{7378CA6E-D8C7-46AF-979C-E7FFB9C0CAFB}.Debug|Any CPU.Build.0 = Debug|Any CPU
		{7378CA6E-D8C7-46AF-979C-E7FFB9C0CAFB}.Release|Any CPU.ActiveCfg = Release|Any CPU
		{7378CA6E-D8C7-46AF-979C-E7FFB9C0CAFB}.Release|Any CPU.Build.0 = Release|Any CPU
		{36417EC3-5E94-4F31-939E-CAE92B698041}.Debug|Any CPU.ActiveCfg = Debug|Any CPU
		{36417EC3-5E94-4F31-939E-CAE92B698041}.Debug|Any CPU.Build.0 = Debug|Any CPU
		{36417EC3-5E94-4F31-939E-CAE92B698041}.Release|Any CPU.ActiveCfg = Release|Any CPU
		{36417EC3-5E94-4F31-939E-CAE92B698041}.Release|Any CPU.Build.0 = Release|Any CPU
	EndGlobalSection
	GlobalSection(SolutionProperties) = preSolution
		HideSolutionNode = FALSE
	EndGlobalSection
	GlobalSection(ExtensibilityGlobals) = postSolution
		SolutionGuid = {8F00105F-EBA4-4022-B11B-2910FE4EF5A0}
	EndGlobalSection
EndGlobal
